
Microsoft Visual Studio Solution File, Format Version 12.00
# Visual Studio Version 17
VisualStudioVersion = 17.2.32616.157
MinimumVisualStudioVersion = 10.0.40219.1
Project("{9A19103F-16F7-4668-BE54-9A1E7A4F7556}") = "BHS.API", "BHS.API\BHS.API.csproj", "{6550BD45-6A48-4766-92EE-50317491FE5B}"
EndProject
Project("{9A19103F-16F7-4668-BE54-9A1E7A4F7556}") = "BHS.Domain", "BHS.Domain\BHS.Domain.csproj", "{5DBBB160-CD3D-440B-9D48-F2FCB4C5B742}"
EndProject
Project("{9A19103F-16F7-4668-BE54-9A1E7A4F7556}") = "BHS.Infrastructure", "BHS.Infrastructure\BHS.Infrastructure.csproj", "{7CFBE04F-161B-4E53-A3BD-A7C275171DA4}"
EndProject
Global
	GlobalSection(SolutionConfigurationPlatforms) = preSolution
		Debug|Any CPU = Debug|Any CPU
		Release|Any CPU = Release|Any CPU
	EndGlobalSection
	GlobalSection(ProjectConfigurationPlatforms) = postSolution
		{6550BD45-6A48-4766-92EE-50317491FE5B}.Debug|Any CPU.ActiveCfg = Debug|Any CPU
		{6550BD45-6A48-4766-92EE-50317491FE5B}.Debug|Any CPU.Build.0 = Debug|Any CPU
		{6550BD45-6A48-4766-92EE-50317491FE5B}.Release|Any CPU.ActiveCfg = Release|Any CPU
		{6550BD45-6A48-4766-92EE-50317491FE5B}.Release|Any CPU.Build.0 = Release|Any CPU
		{5DBBB160-CD3D-440B-9D48-F2FCB4C5B742}.Debug|Any CPU.ActiveCfg = Debug|Any CPU
		{5DBBB160-CD3D-440B-9D48-F2FCB4C5B742}.Debug|Any CPU.Build.0 = Debug|Any CPU
		{5DBBB160-CD3D-440B-9D48-F2FCB4C5B742}.Release|Any CPU.ActiveCfg = Release|Any CPU
		{5DBBB160-CD3D-440B-9D48-F2FCB4C5B742}.Release|Any CPU.Build.0 = Release|Any CPU
		{7CFBE04F-161B-4E53-A3BD-A7C275171DA4}.Debug|Any CPU.ActiveCfg = Debug|Any CPU
		{7CFBE04F-161B-4E53-A3BD-A7C275171DA4}.Debug|Any CPU.Build.0 = Debug|Any CPU
		{7CFBE04F-161B-4E53-A3BD-A7C275171DA4}.Release|Any CPU.ActiveCfg = Release|Any CPU
		{7CFBE04F-161B-4E53-A3BD-A7C275171DA4}.Release|Any CPU.Build.0 = Release|Any CPU
	EndGlobalSection
	GlobalSection(SolutionProperties) = preSolution
		HideSolutionNode = FALSE
	EndGlobalSection
	GlobalSection(ExtensibilityGlobals) = postSolution
		SolutionGuid = {6E3E0557-B01C-422C-965D-40C6727C106D}
	EndGlobalSection
EndGlobal
